
Microsoft Visual Studio Solution File, Format Version 12.00
# Visual Studio Version 17
VisualStudioVersion = 17.7.34024.191
MinimumVisualStudioVersion = 10.0.40219.1
Project("{FAE04EC0-301F-11D3-BF4B-00C04F79EFBC}") = "WpfApp4", "WpfApp4\WpfApp4.csproj", "{A2C431EF-3D24-4A47-9BA3-5EC901BEAD6E}"
EndProject
Global
	GlobalSection(SolutionConfigurationPlatforms) = preSolution
		Debug|Any CPU = Debug|Any CPU
		Release|Any CPU = Release|Any CPU
	EndGlobalSection
	GlobalSection(ProjectConfigurationPlatforms) = postSolution
		{A2C431EF-3D24-4A47-9BA3-5EC901BEAD6E}.Debug|Any CPU.ActiveCfg = Debug|Any CPU
		{A2C431EF-3D24-4A47-9BA3-5EC901BEAD6E}.Debug|Any CPU.Build.0 = Debug|Any CPU
		{A2C431EF-3D24-4A47-9BA3-5EC901BEAD6E}.Release|Any CPU.ActiveCfg = Release|Any CPU
		{A2C431EF-3D24-4A47-9BA3-5EC901BEAD6E}.Release|Any CPU.Build.0 = Release|Any CPU
	EndGlobalSection
	GlobalSection(SolutionProperties) = preSolution
		HideSolutionNode = FALSE
	EndGlobalSection
	GlobalSection(ExtensibilityGlobals) = postSolution
		SolutionGuid = {4A0576B3-08FF-490C-9272-E43C6226026F}
	EndGlobalSection
EndGlobal
